
Microsoft Visual Studio Solution File, Format Version 12.00
# Visual Studio Version 16
VisualStudioVersion = 16.0.31729.503
MinimumVisualStudioVersion = 10.0.40219.1
Project("{FAE04EC0-301F-11D3-BF4B-00C04F79EFBC}") = "Marketing.API", "Marketing.API\Marketing.API.csproj", "{D0B5C44C-8379-49F1-B184-F6AC57D151DF}"
EndProject
Project("{FAE04EC0-301F-11D3-BF4B-00C04F79EFBC}") = "Marketing.Domain", "Marketing.Domain\Marketing.Domain.csproj", "{D42A2F01-0DC9-4549-A9BB-78954ED22884}"
EndProject
Project("{FAE04EC0-301F-11D3-BF4B-00C04F79EFBC}") = "Marketing.Infrastructure", "Marketing.Infrastructure\Marketing.Infrastructure.csproj", "{06B71D87-0AD4-46DF-9DBF-D801C9928A1D}"
EndProject
Global
	GlobalSection(SolutionConfigurationPlatforms) = preSolution
		Debug|Any CPU = Debug|Any CPU
		Release|Any CPU = Release|Any CPU
	EndGlobalSection
	GlobalSection(ProjectConfigurationPlatforms) = postSolution
		{D0B5C44C-8379-49F1-B184-F6AC57D151DF}.Debug|Any CPU.ActiveCfg = Debug|Any CPU
		{D0B5C44C-8379-49F1-B184-F6AC57D151DF}.Debug|Any CPU.Build.0 = Debug|Any CPU
		{D0B5C44C-8379-49F1-B184-F6AC57D151DF}.Release|Any CPU.ActiveCfg = Release|Any CPU
		{D0B5C44C-8379-49F1-B184-F6AC57D151DF}.Release|Any CPU.Build.0 = Release|Any CPU
		{D42A2F01-0DC9-4549-A9BB-78954ED22884}.Debug|Any CPU.ActiveCfg = Debug|Any CPU
		{D42A2F01-0DC9-4549-A9BB-78954ED22884}.Debug|Any CPU.Build.0 = Debug|Any CPU
		{D42A2F01-0DC9-4549-A9BB-78954ED22884}.Release|Any CPU.ActiveCfg = Release|Any CPU
		{D42A2F01-0DC9-4549-A9BB-78954ED22884}.Release|Any CPU.Build.0 = Release|Any CPU
		{06B71D87-0AD4-46DF-9DBF-D801C9928A1D}.Debug|Any CPU.ActiveCfg = Debug|Any CPU
		{06B71D87-0AD4-46DF-9DBF-D801C9928A1D}.Debug|Any CPU.Build.0 = Debug|Any CPU
		{06B71D87-0AD4-46DF-9DBF-D801C9928A1D}.Release|Any CPU.ActiveCfg = Release|Any CPU
		{06B71D87-0AD4-46DF-9DBF-D801C9928A1D}.Release|Any CPU.Build.0 = Release|Any CPU
	EndGlobalSection
	GlobalSection(SolutionProperties) = preSolution
		HideSolutionNode = FALSE
	EndGlobalSection
	GlobalSection(ExtensibilityGlobals) = postSolution
		SolutionGuid = {6DE53BEF-414F-4E6E-B912-76139CD022E2}
	EndGlobalSection
EndGlobal
